Microsoft Visual Studio Solution File, Format Version 12.00
# Visual Studio Version 17
VisualStudioVersion = 17.0.31903.59
MinimumVisualStudioVersion = 10.0.40219.1
Project("{FAE04EC0-301F-11D3-BF4B-00C04F79EFBC}") = "AppB", "src\AppB\AppB.csproj", "{381135B3-A4E7-457D-A62C-639626D33D5D}"
EndProject
Project("{FAE04EC0-301F-11D3-BF4B-00C04F79EFBC}") = "AppB.Tests", "tests\AppB.Tests\AppB.Tests.csproj", "{147678D3-735E-4B6F-AD47-EEC4F1FC12B5}"
EndProject
Global
	GlobalSection(SolutionConfigurationPlatforms) = preSolution
		Debug|Any CPU = Debug|Any CPU
		Release|Any CPU = Release|Any CPU
	EndGlobalSection
	GlobalSection(ProjectConfigurationPlatforms) = postSolution
		{381135B3-A4E7-457D-A62C-639626D33D5D}.Debug|Any CPU.ActiveCfg = Debug|Any CPU
		{381135B3-A4E7-457D-A62C-639626D33D5D}.Debug|Any CPU.Build.0 = Debug|Any CPU
		{381135B3-A4E7-457D-A62C-639626D33D5D}.Release|Any CPU.ActiveCfg = Release|Any CPU
		{381135B3-A4E7-457D-A62C-639626D33D5D}.Release|Any CPU.Build.0 = Release|Any CPU
		{147678D3-735E-4B6F-AD47-EEC4F1FC12B5}.Debug|Any CPU.ActiveCfg = Debug|Any CPU
		{147678D3-735E-4B6F-AD47-EEC4F1FC12B5}.Debug|Any CPU.Build.0 = Debug|Any CPU
		{147678D3-735E-4B6F-AD47-EEC4F1FC12B5}.Release|Any CPU.ActiveCfg = Release|Any CPU
		{147678D3-735E-4B6F-AD47-EEC4F1FC12B5}.Release|Any CPU.Build.0 = Release|Any CPU
	EndGlobalSection
EndGlobal
